<Solution>
  <Folder Name="/src/">
    <Project Path="..\..\src\Libraries\Blazing.Mvvm.Base\Blazing.Mvvm.Base.csproj" />
    <Project Path="..\..\src\Libraries\Blazing.Mvvm\Blazing.Mvvm.csproj" />
    <Project Path="..\..\src\Libraries\Blazing.Mvvm.Analyzers\Blazing.Mvvm.Analyzers.csproj" />
  </Folder>
  <Project Path="Blazing.Mvvm.AnalyzerTest.csproj" />
</Solution>
